
Microsoft Visual Studio Solution File, Format Version 12.00
# Visual Studio 15
VisualStudioVersion = 15.0.27428.2037
MinimumVisualStudioVersion = 10.0.40219.1
Project("{FAE04EC0-301F-11D3-BF4B-00C04F79EFBC}") = "WChatServer", "WChatServer\WChatServer.csproj", "{A2866E52-7051-400B-8E64-80E5B09511B6}"
EndProject
Project("{FAE04EC0-301F-11D3-BF4B-00C04F79EFBC}") = "Manager", "Manager\Manager.csproj", "{FE16C560-989A-4542-9653-9F6B5AE773A6}"
EndProject
Global
	GlobalSection(SolutionConfigurationPlatforms) = preSolution
		Debug|Any CPU = Debug|Any CPU
		Release|Any CPU = Release|Any CPU
	EndGlobalSection
	GlobalSection(ProjectConfigurationPlatforms) = postSolution
		{A2866E52-7051-400B-8E64-80E5B09511B6}.Debug|Any CPU.ActiveCfg = Debug|Any CPU
		{A2866E52-7051-400B-8E64-80E5B09511B6}.Debug|Any CPU.Build.0 = Debug|Any CPU
		{A2866E52-7051-400B-8E64-80E5B09511B6}.Release|Any CPU.ActiveCfg = Release|Any CPU
		{A2866E52-7051-400B-8E64-80E5B09511B6}.Release|Any CPU.Build.0 = Release|Any CPU
		{FE16C560-989A-4542-9653-9F6B5AE773A6}.Debug|Any CPU.ActiveCfg = Debug|Any CPU
		{FE16C560-989A-4542-9653-9F6B5AE773A6}.Debug|Any CPU.Build.0 = Debug|Any CPU
		{FE16C560-989A-4542-9653-9F6B5AE773A6}.Release|Any CPU.ActiveCfg = Release|Any CPU
		{FE16C560-989A-4542-9653-9F6B5AE773A6}.Release|Any CPU.Build.0 = Release|Any CPU
	EndGlobalSection
	GlobalSection(SolutionProperties) = preSolution
		HideSolutionNode = FALSE
	EndGlobalSection
	GlobalSection(ExtensibilityGlobals) = postSolution
		SolutionGuid = {A9B2E1F3-EC0E-45FC-B499-26FBDD5F2786}
	EndGlobalSection
EndGlobal
